# This file is autogenerated, do not edit; changes may be undone by the next 'dep ensure'.


[[projects]]
  name = "github.com/boltdb/bolt"
  packages = ["."]
  revision = "2f1ce7a837dcb8da3ec595b1dac9d0632f0f99e8"
  version = "v1.3.1"

[[projects]]
  name = "github.com/json-iterator/go"
  packages = ["."]
  revision = "6240e1e7983a85228f7fd9c3e1b6932d46ec58e2"
  version = "1.0.3"

[[projects]]
  name = "github.com/tylerb/is"
  packages = ["."]
  revision = "9809c6ce42790d5d476a40c9e791fb2aaf59577b"
  version = "v2.0.1"

[[projects]]
  branch = "master"
  name = "golang.org/x/sys"
  packages = ["unix"]
  revision = "1e2299c37cc91a509f1b12369872d27be0ce98a6"

[solve-meta]
  analyzer-name = "dep"
  analyzer-version = 1
  inputs-digest = "27862ffd516323fc3ddd291778810db65c1e777234f9436505bbf37277333ba0"
  solver-name = "gps-cdcl"
  solver-version = 1
